
Microsoft Visual Studio Solution File, Format Version 12.00
Project("{FAE04EC0-301F-11D3-BF4B-00C04F79EFBC}") = "Bielu.Examine.Core", "Bielu.Examine.Core\Bielu.Examine.Core.csproj", "{05712520-55F7-4E09-A0FF-AB5541569F27}"
EndProject
Project("{FAE04EC0-301F-11D3-BF4B-00C04F79EFBC}") = "Bielu.Examine.Elasticsearch", "Bielu.Examine.Elasticsearch\Bielu.Examine.Elasticsearch.csproj", "{6DE9F1F7-914A-4232-8B25-06C4603E0041}"
EndProject
Project("{FAE04EC0-301F-11D3-BF4B-00C04F79EFBC}") = "Bielu.Examine.Elasticsearch.Umbraco", "Bielu.Examine.Elasticsearch.Umbraco\Bielu.Examine.Elasticsearch.Umbraco.csproj", "{2E7A7F31-5FF3-4BE3-8140-B6358BA24C5A}"
EndProject
Project("{FAE04EC0-301F-11D3-BF4B-00C04F79EFBC}") = "SchemaGenerator", "SchemaGenerator\SchemaGenerator.csproj", "{88B82586-1590-4B51-A437-A7C71E21863D}"
EndProject
Project("{FAE04EC0-301F-11D3-BF4B-00C04F79EFBC}") = "bielu.Examine.UmbracoInstance", "bielu.Examine.UmbracoInstance\bielu.Examine.UmbracoInstance.csproj", "{D499496B-12AE-4823-8BC4-B575568FA5A5}"
EndProject
Project("{FAE04EC0-301F-11D3-BF4B-00C04F79EFBC}") = "bielu.Examine.Umbraco", "bielu.Examine.Umbraco\bielu.Examine.Umbraco.csproj", "{7D59D9BF-4194-4569-B35A-6F0ACF9F0BC3}"
EndProject
Project("{FAE04EC0-301F-11D3-BF4B-00C04F79EFBC}") = "bielu.Examine.OpenSearch", "bielu.Examine.OpenSearch\bielu.Examine.OpenSearch.csproj", "{17D3775E-4FDB-466D-A5FC-7E636C9D3016}"
EndProject
Project("{2150E333-8FDC-42A3-9474-1A3956D46DE8}") = "SolutionsFiles", "SolutionsFiles", "{AE8F8534-8D86-4107-9962-71C665CD3724}"
	ProjectSection(SolutionItems) = preProject
		..\.editorconfig = ..\.editorconfig
		..\.gitignore = ..\.gitignore
		..\version.props = ..\version.props
		directory.build.props = directory.build.props
	EndProjectSection
EndProject
Project("{FAE04EC0-301F-11D3-BF4B-00C04F79EFBC}") = "Bielu.Examine.ElasticSearch.Umbraco.Forms", "Bielu.Examine.ElasticSearch.Umbraco.Forms\Bielu.Examine.ElasticSearch.Umbraco.Forms.csproj", "{3881358D-FA15-44AF-9F32-E2B639771493}"
EndProject
Global
	GlobalSection(SolutionConfigurationPlatforms) = preSolution
		Debug|Any CPU = Debug|Any CPU
		Release|Any CPU = Release|Any CPU
	EndGlobalSection
	GlobalSection(ProjectConfigurationPlatforms) = postSolution
		{05712520-55F7-4E09-A0FF-AB5541569F27}.Debug|Any CPU.ActiveCfg = Debug|Any CPU
		{05712520-55F7-4E09-A0FF-AB5541569F27}.Debug|Any CPU.Build.0 = Debug|Any CPU
		{05712520-55F7-4E09-A0FF-AB5541569F27}.Release|Any CPU.ActiveCfg = Release|Any CPU
		{05712520-55F7-4E09-A0FF-AB5541569F27}.Release|Any CPU.Build.0 = Release|Any CPU
		{6DE9F1F7-914A-4232-8B25-06C4603E0041}.Debug|Any CPU.ActiveCfg = Debug|Any CPU
		{6DE9F1F7-914A-4232-8B25-06C4603E0041}.Debug|Any CPU.Build.0 = Debug|Any CPU
		{6DE9F1F7-914A-4232-8B25-06C4603E0041}.Release|Any CPU.ActiveCfg = Release|Any CPU
		{6DE9F1F7-914A-4232-8B25-06C4603E0041}.Release|Any CPU.Build.0 = Release|Any CPU
		{2E7A7F31-5FF3-4BE3-8140-B6358BA24C5A}.Debug|Any CPU.ActiveCfg = Debug|Any CPU
		{2E7A7F31-5FF3-4BE3-8140-B6358BA24C5A}.Debug|Any CPU.Build.0 = Debug|Any CPU
		{2E7A7F31-5FF3-4BE3-8140-B6358BA24C5A}.Release|Any CPU.ActiveCfg = Release|Any CPU
		{2E7A7F31-5FF3-4BE3-8140-B6358BA24C5A}.Release|Any CPU.Build.0 = Release|Any CPU
		{88B82586-1590-4B51-A437-A7C71E21863D}.Debug|Any CPU.ActiveCfg = Debug|Any CPU
		{88B82586-1590-4B51-A437-A7C71E21863D}.Debug|Any CPU.Build.0 = Debug|Any CPU
		{88B82586-1590-4B51-A437-A7C71E21863D}.Release|Any CPU.ActiveCfg = Release|Any CPU
		{88B82586-1590-4B51-A437-A7C71E21863D}.Release|Any CPU.Build.0 = Release|Any CPU
		{D499496B-12AE-4823-8BC4-B575568FA5A5}.Debug|Any CPU.ActiveCfg = Debug|Any CPU
		{D499496B-12AE-4823-8BC4-B575568FA5A5}.Debug|Any CPU.Build.0 = Debug|Any CPU
		{D499496B-12AE-4823-8BC4-B575568FA5A5}.Release|Any CPU.ActiveCfg = Release|Any CPU
		{D499496B-12AE-4823-8BC4-B575568FA5A5}.Release|Any CPU.Build.0 = Release|Any CPU
		{7D59D9BF-4194-4569-B35A-6F0ACF9F0BC3}.Debug|Any CPU.ActiveCfg = Debug|Any CPU
		{7D59D9BF-4194-4569-B35A-6F0ACF9F0BC3}.Debug|Any CPU.Build.0 = Debug|Any CPU
		{7D59D9BF-4194-4569-B35A-6F0ACF9F0BC3}.Release|Any CPU.ActiveCfg = Release|Any CPU
		{7D59D9BF-4194-4569-B35A-6F0ACF9F0BC3}.Release|Any CPU.Build.0 = Release|Any CPU
		{17D3775E-4FDB-466D-A5FC-7E636C9D3016}.Debug|Any CPU.ActiveCfg = Debug|Any CPU
		{17D3775E-4FDB-466D-A5FC-7E636C9D3016}.Debug|Any CPU.Build.0 = Debug|Any CPU
		{17D3775E-4FDB-466D-A5FC-7E636C9D3016}.Release|Any CPU.ActiveCfg = Release|Any CPU
		{17D3775E-4FDB-466D-A5FC-7E636C9D3016}.Release|Any CPU.Build.0 = Release|Any CPU
		{3881358D-FA15-44AF-9F32-E2B639771493}.Debug|Any CPU.ActiveCfg = Debug|Any CPU
		{3881358D-FA15-44AF-9F32-E2B639771493}.Debug|Any CPU.Build.0 = Debug|Any CPU
		{3881358D-FA15-44AF-9F32-E2B639771493}.Release|Any CPU.ActiveCfg = Release|Any CPU
		{3881358D-FA15-44AF-9F32-E2B639771493}.Release|Any CPU.Build.0 = Release|Any CPU
	EndGlobalSection
EndGlobal
